// !$*UTF8*$!
{
	archiveVersion = 1;
	classes = {
	};
	objectVersion = 50;
	objects = {

/* Begin PBXBuildFile section */
		3300CAC620A73F2E00EA70FC /* ArticlesViewModelTest.swift in Sources */ = {isa = PBXBuildFile; fileRef = 3300CAC520A73F2E00EA70FC /* ArticlesViewModelTest.swift */; };
		33095FE320A67C10009EA401 /* ContentServiceApi.swift in Sources */ = {isa = PBXBuildFile; fileRef = 33095FE220A67C10009EA401 /* ContentServiceApi.swift */; };
		33095FE520A68556009EA401 /* ContentServiceApiTest.swift in Sources */ = {isa = PBXBuildFile; fileRef = 33095FE420A68556009EA401 /* ContentServiceApiTest.swift */; };
		33095FE720A685B1009EA401 /* RequestServiceMock.swift in Sources */ = {isa = PBXBuildFile; fileRef = 33095FE620A685B1009EA401 /* RequestServiceMock.swift */; };
		33095FEB20A692BB009EA401 /* HomeViewModel.swift in Sources */ = {isa = PBXBuildFile; fileRef = 33095FEA20A692BB009EA401 /* HomeViewModel.swift */; };
		33095FEF20A692E4009EA401 /* HomeViewController.swift in Sources */ = {isa = PBXBuildFile; fileRef = 33095FEE20A692E4009EA401 /* HomeViewController.swift */; };
		33095FF120A6944B009EA401 /* HomeViewModelFactory.swift in Sources */ = {isa = PBXBuildFile; fileRef = 33095FF020A6944B009EA401 /* HomeViewModelFactory.swift */; };
		33095FF320A69585009EA401 /* Pageable.swift in Sources */ = {isa = PBXBuildFile; fileRef = 33095FF220A69585009EA401 /* Pageable.swift */; };
		3315D98A20A7556400491E39 /* ArticlesViewControllerTest.swift in Sources */ = {isa = PBXBuildFile; fileRef = 3315D98920A7556400491E39 /* ArticlesViewControllerTest.swift */; };
		3315D98C20A757BC00491E39 /* ArticlesViewModelMock.swift in Sources */ = {isa = PBXBuildFile; fileRef = 3315D98B20A757BC00491E39 /* ArticlesViewModelMock.swift */; };
		3321256D20A6F3120014A56F /* Articles.storyboard in Resources */ = {isa = PBXBuildFile; fileRef = 3321256C20A6F3120014A56F /* Articles.storyboard */; };
		3321257020A6F4330014A56F /* ArticlesViewController.swift in Sources */ = {isa = PBXBuildFile; fileRef = 3321256F20A6F4330014A56F /* ArticlesViewController.swift */; };
		3321257320A6F4700014A56F /* ArticlesViewModel.swift in Sources */ = {isa = PBXBuildFile; fileRef = 3321257220A6F4700014A56F /* ArticlesViewModel.swift */; };
		3321257720A6F9FA0014A56F /* ArticleDetailViewController.swift in Sources */ = {isa = PBXBuildFile; fileRef = 3321257620A6F9FA0014A56F /* ArticleDetailViewController.swift */; };
		33457EFF20A5FE7F00F3647A /* MultimediaTest.swift in Sources */ = {isa = PBXBuildFile; fileRef = 33457EFE20A5FE7F00F3647A /* MultimediaTest.swift */; };
		337675F820A73380008D7129 /* ArticleAggregateTableViewCellViewModelTest.swift in Sources */ = {isa = PBXBuildFile; fileRef = 337675F720A73380008D7129 /* ArticleAggregateTableViewCellViewModelTest.swift */; };
		337675FA20A735B4008D7129 /* ArticleTitleTableViewCellViewModelTest.swift in Sources */ = {isa = PBXBuildFile; fileRef = 337675F920A735B4008D7129 /* ArticleTitleTableViewCellViewModelTest.swift */; };
		337675FC20A7361A008D7129 /* ArticleSnippetTableViewCellViewModelTest.swift in Sources */ = {isa = PBXBuildFile; fileRef = 337675FB20A7361A008D7129 /* ArticleSnippetTableViewCellViewModelTest.swift */; };
		337675FE20A736A5008D7129 /* ArticleImageTableViewCellViewModelTest.swift in Sources */ = {isa = PBXBuildFile; fileRef = 337675FD20A736A5008D7129 /* ArticleImageTableViewCellViewModelTest.swift */; };
		3376760020A73701008D7129 /* DownloadImageServiceMock.swift in Sources */ = {isa = PBXBuildFile; fileRef = 337675FF20A73701008D7129 /* DownloadImageServiceMock.swift */; };
		3376760220A73C78008D7129 /* ArticleDetailViewModelTest.swift in Sources */ = {isa = PBXBuildFile; fileRef = 3376760120A73C78008D7129 /* ArticleDetailViewModelTest.swift */; };
		3396CF3F20A7436A00055572 /* ContentCollectionViewCellViewModelTest.swift in Sources */ = {isa = PBXBuildFile; fileRef = 3396CF3E20A7436A00055572 /* ContentCollectionViewCellViewModelTest.swift */; };
		339C351A20A74CAB0061B054 /* ContentCollectionViewCellTest.swift in Sources */ = {isa = PBXBuildFile; fileRef = 339C351920A74CAB0061B054 /* ContentCollectionViewCellTest.swift */; };
		339C351C20A74E220061B054 /* ContentCollectionViewCellViewModelMock.swift in Sources */ = {isa = PBXBuildFile; fileRef = 339C351B20A74E220061B054 /* ContentCollectionViewCellViewModelMock.swift */; };
		339C351F20A751300061B054 /* ArticleTitleTableViewCellTest.swift in Sources */ = {isa = PBXBuildFile; fileRef = 339C351E20A751300061B054 /* ArticleTitleTableViewCellTest.swift */; };
		339C352120A751A50061B054 /* ArticleTitleTableViewCellViewModelMock.swift in Sources */ = {isa = PBXBuildFile; fileRef = 339C352020A751A50061B054 /* ArticleTitleTableViewCellViewModelMock.swift */; };
		339C352320A752320061B054 /* ArticleAggregateTableViewCellTest.swift in Sources */ = {isa = PBXBuildFile; fileRef = 339C352220A752320061B054 /* ArticleAggregateTableViewCellTest.swift */; };
		339C352520A752560061B054 /* ArticleAggregateTableViewCellViewModelMock.swift in Sources */ = {isa = PBXBuildFile; fileRef = 339C352420A752560061B054 /* ArticleAggregateTableViewCellViewModelMock.swift */; };
		339C352720A7531D0061B054 /* ArticleSnippetTableViewCellTest.swift in Sources */ = {isa = PBXBuildFile; fileRef = 339C352620A7531D0061B054 /* ArticleSnippetTableViewCellTest.swift */; };
		339C352920A753560061B054 /* ArticleSnippetTableViewCellViewModelMock.swift in Sources */ = {isa = PBXBuildFile; fileRef = 339C352820A753560061B054 /* ArticleSnippetTableViewCellViewModelMock.swift */; };
		339C352B20A753BD0061B054 /* ArticleImageTableViewCellTest.swift in Sources */ = {isa = PBXBuildFile; fileRef = 339C352A20A753BD0061B054 /* ArticleImageTableViewCellTest.swift */; };
		339C352D20A754000061B054 /* ArticleImageTableViewCellViewModelMock.swift in Sources */ = {isa = PBXBuildFile; fileRef = 339C352C20A754000061B054 /* ArticleImageTableViewCellViewModelMock.swift */; };
		33A8703F20A6FB27007BC90A /* UIStoryboard.swift in Sources */ = {isa = PBXBuildFile; fileRef = 33A8703E20A6FB27007BC90A /* UIStoryboard.swift */; };
		33A8704620A6FF86007BC90A /* ArticleTitleTableViewCell.swift in Sources */ = {isa = PBXBuildFile; fileRef = 33A8704420A6FF86007BC90A /* ArticleTitleTableViewCell.swift */; };
		33A8704720A6FF86007BC90A /* ArticleTitleTableViewCell.xib in Resources */ = {isa = PBXBuildFile; fileRef = 33A8704520A6FF86007BC90A /* ArticleTitleTableViewCell.xib */; };
		33A8704920A70052007BC90A /* ArticleTitleTableViewCellViewModel.swift in Sources */ = {isa = PBXBuildFile; fileRef = 33A8704820A70052007BC90A /* ArticleTitleTableViewCellViewModel.swift */; };
		33A8704B20A700AB007BC90A /* ArticleDetailViewModel.swift in Sources */ = {isa = PBXBuildFile; fileRef = 33A8704A20A700AB007BC90A /* ArticleDetailViewModel.swift */; };
		33A8704D20A7035D007BC90A /* UITableView.swift in Sources */ = {isa = PBXBuildFile; fileRef = 33A8704C20A7035D007BC90A /* UITableView.swift */; };
		33A8705020A70BB6007BC90A /* ArticleSnippetTableViewCell.swift in Sources */ = {isa = PBXBuildFile; fileRef = 33A8704E20A70BB6007BC90A /* ArticleSnippetTableViewCell.swift */; };
		33A8705120A70BB6007BC90A /* ArticleSnippetTableViewCell.xib in Resources */ = {isa = PBXBuildFile; fileRef = 33A8704F20A70BB6007BC90A /* ArticleSnippetTableViewCell.xib */; };
		33A8705320A70C8B007BC90A /* ArticleSnippetTableViewCellViewModel.swift in Sources */ = {isa = PBXBuildFile; fileRef = 33A8705220A70C8B007BC90A /* ArticleSnippetTableViewCellViewModel.swift */; };
		33A8705620A70DBB007BC90A /* ArticleAggregateTableViewCell.swift in Sources */ = {isa = PBXBuildFile; fileRef = 33A8705420A70DBB007BC90A /* ArticleAggregateTableViewCell.swift */; };
		33A8705720A70DBB007BC90A /* ArticleAggregateTableViewCell.xib in Resources */ = {isa = PBXBuildFile; fileRef = 33A8705520A70DBB007BC90A /* ArticleAggregateTableViewCell.xib */; };
		33A8705920A71B34007BC90A /* ArticleAggregateTableViewCellViewModel.swift in Sources */ = {isa = PBXBuildFile; fileRef = 33A8705820A71B34007BC90A /* ArticleAggregateTableViewCellViewModel.swift */; };
		33A8705C20A71E27007BC90A /* ArticleImageTableViewCell.swift in Sources */ = {isa = PBXBuildFile; fileRef = 33A8705A20A71E27007BC90A /* ArticleImageTableViewCell.swift */; };
		33A8705D20A71E27007BC90A /* ArticleImageTableViewCell.xib in Resources */ = {isa = PBXBuildFile; fileRef = 33A8705B20A71E27007BC90A /* ArticleImageTableViewCell.xib */; };
		33A8705F20A71E91007BC90A /* ImageLoadable.swift in Sources */ = {isa = PBXBuildFile; fileRef = 33A8705E20A71E91007BC90A /* ImageLoadable.swift */; };
		33A8706120A71FD3007BC90A /* ArticleImageTableViewCellViewModel.swift in Sources */ = {isa = PBXBuildFile; fileRef = 33A8706020A71FD3007BC90A /* ArticleImageTableViewCellViewModel.swift */; };
		33A8706420A72CEC007BC90A /* DateTest.swift in Sources */ = {isa = PBXBuildFile; fileRef = 33A8706320A72CEC007BC90A /* DateTest.swift */; };
		33A8706620A72E21007BC90A /* APIErrorTest.swift in Sources */ = {isa = PBXBuildFile; fileRef = 33A8706520A72E21007BC90A /* APIErrorTest.swift */; };
		33B5832620A5EAA300C5196B /* ContentTest.swift in Sources */ = {isa = PBXBuildFile; fileRef = 33B5832520A5EAA300C5196B /* ContentTest.swift */; };
		33B5832820A5F86000C5196B /* Multimedia.swift in Sources */ = {isa = PBXBuildFile; fileRef = 33B5832720A5F86000C5196B /* Multimedia.swift */; };
		33D57A6D20A6E41800553902 /* HomeViewControllerTest.swift in Sources */ = {isa = PBXBuildFile; fileRef = 33D57A6C20A6E41800553902 /* HomeViewControllerTest.swift */; };
		33EBB37520A69BA0004DCC56 /* HomeViewModelTest.swift in Sources */ = {isa = PBXBuildFile; fileRef = 33EBB37420A69BA0004DCC56 /* HomeViewModelTest.swift */; };
		33EBB37720A69BF6004DCC56 /* ContentServiceApiMock.swift in Sources */ = {isa = PBXBuildFile; fileRef = 33EBB37620A69BF6004DCC56 /* ContentServiceApiMock.swift */; };
		33EBB37A20A6A22E004DCC56 /* ContentCollectionViewCell.swift in Sources */ = {isa = PBXBuildFile; fileRef = 33EBB37820A6A22E004DCC56 /* ContentCollectionViewCell.swift */; };
		33EBB37B20A6A22E004DCC56 /* ContentCollectionViewCell.xib in Resources */ = {isa = PBXBuildFile; fileRef = 33EBB37920A6A22E004DCC56 /* ContentCollectionViewCell.xib */; };
		33EBB37D20A6A258004DCC56 /* ContentCollectionViewCellViewModel.swift in Sources */ = {isa = PBXBuildFile; fileRef = 33EBB37C20A6A258004DCC56 /* ContentCollectionViewCellViewModel.swift */; };
		33EBB38020A6A6DE004DCC56 /* UICollectionView.swift in Sources */ = {isa = PBXBuildFile; fileRef = 33EBB37F20A6A6DE004DCC56 /* UICollectionView.swift */; };
		33EBB38220A6ADC6004DCC56 /* ResponseStatus.swift in Sources */ = {isa = PBXBuildFile; fileRef = 33EBB38120A6ADC6004DCC56 /* ResponseStatus.swift */; };
		33EBB38420A6AE82004DCC56 /* ContentResponse.swift in Sources */ = {isa = PBXBuildFile; fileRef = 33EBB38320A6AE82004DCC56 /* ContentResponse.swift */; };
		33EBB38620A6AF13004DCC56 /* ContentResponseTest.swift in Sources */ = {isa = PBXBuildFile; fileRef = 33EBB38520A6AF13004DCC56 /* ContentResponseTest.swift */; };
		33EBB38820A6B45B004DCC56 /* Date.swift in Sources */ = {isa = PBXBuildFile; fileRef = 33EBB38720A6B45B004DCC56 /* Date.swift */; };
		33F4238720A6D0380028CC7B /* DownloadImageService.swift in Sources */ = {isa = PBXBuildFile; fileRef = 33F4238620A6D0380028CC7B /* DownloadImageService.swift */; };
		33F4238920A6DDB20028CC7B /* DownloadImageServiceTest.swift in Sources */ = {isa = PBXBuildFile; fileRef = 33F4238820A6DDB20028CC7B /* DownloadImageServiceTest.swift */; };
		33F4238C20A6DFBE0028CC7B /* test1.png in Resources */ = {isa = PBXBuildFile; fileRef = 33F4238B20A6DFBE0028CC7B /* test1.png */; };
		33F6712620A5BE2C000C7BB5 /* AppDelegate.swift in Sources */ = {isa = PBXBuildFile; fileRef = 33F6712520A5BE2C000C7BB5 /* AppDelegate.swift */; };
		33F6712B20A5BE2C000C7BB5 /* Home.storyboard in Resources */ = {isa = PBXBuildFile; fileRef = 33F6712920A5BE2C000C7BB5 /* Home.storyboard */; };
		33F6712D20A5BE2D000C7BB5 /* Assets.xcassets in Resources */ = {isa = PBXBuildFile; fileRef = 33F6712C20A5BE2D000C7BB5 /* Assets.xcassets */; };
		33F6713020A5BE2D000C7BB5 /* LaunchScreen.storyboard in Resources */ = {isa = PBXBuildFile; fileRef = 33F6712E20A5BE2D000C7BB5 /* LaunchScreen.storyboard */; };
		33F6715C20A5C18D000C7BB5 /* Constant.swift in Sources */ = {isa = PBXBuildFile; fileRef = 33F6715B20A5C18D000C7BB5 /* Constant.swift */; };
		33F6715E20A5C1E3000C7BB5 /* RequestService.swift in Sources */ = {isa = PBXBuildFile; fileRef = 33F6715D20A5C1E3000C7BB5 /* RequestService.swift */; };
		33F6716520A5C7B8000C7BB5 /* APITest.swift in Sources */ = {isa = PBXBuildFile; fileRef = 33F6716420A5C7B8000C7BB5 /* APITest.swift */; };
		33F6716720A5CA76000C7BB5 /* Content.swift in Sources */ = {isa = PBXBuildFile; fileRef = 33F6716620A5CA76000C7BB5 /* Content.swift */; };
		33F6716920A5D8F9000C7BB5 /* Mappable.swift in Sources */ = {isa = PBXBuildFile; fileRef = 33F6716820A5D8F9000C7BB5 /* Mappable.swift */; };
		33F6716C20A5D9B2000C7BB5 /* Mapping.swift in Sources */ = {isa = PBXBuildFile; fileRef = 33F6716B20A5D9B2000C7BB5 /* Mapping.swift */; };
		33F6716F20A5DA1F000C7BB5 /* Mapper.swift in Sources */ = {isa = PBXBuildFile; fileRef = 33F6716E20A5DA1F000C7BB5 /* Mapper.swift */; };
		33F6717220A5DB27000C7BB5 /* MappingTest.swift in Sources */ = {isa = PBXBuildFile; fileRef = 33F6717120A5DB27000C7BB5 /* MappingTest.swift */; };
		33F6717620A5E223000C7BB5 /* DateFormat.swift in Sources */ = {isa = PBXBuildFile; fileRef = 33F6717520A5E223000C7BB5 /* DateFormat.swift */; };
		33F8364620A664E50044F253 /* API.swift in Sources */ = {isa = PBXBuildFile; fileRef = 33F8364520A664E50044F253 /* API.swift */; };
		33F8364820A667840044F253 /* APIError.swift in Sources */ = {isa = PBXBuildFile; fileRef = 33F8364720A667840044F253 /* APIError.swift */; };
		33F8364A20A66A4C0044F253 /* RequestServiceTest.swift in Sources */ = {isa = PBXBuildFile; fileRef = 33F8364920A66A4C0044F253 /* RequestServiceTest.swift */; };
		33F8364D20A66A910044F253 /* URLSessionMock.swift in Sources */ = {isa = PBXBuildFile; fileRef = 33F8364C20A66A910044F253 /* URLSessionMock.swift */; };
		33F8364F20A66CF40044F253 /* MappableObjectAMock.swift in Sources */ = {isa = PBXBuildFile; fileRef = 33F8364E20A66CF40044F253 /* MappableObjectAMock.swift */; };
		33F8365120A66D0A0044F253 /* MappableObjectBMock.swift in Sources */ = {isa = PBXBuildFile; fileRef = 33F8365020A66D0A0044F253 /* MappableObjectBMock.swift */; };
		33FA9A4E20A7C4F40028456D /* SearchArticles.storyboard in Resources */ = {isa = PBXBuildFile; fileRef = 33FA9A4D20A7C4F40028456D /* SearchArticles.storyboard */; };
		33FA9A5120A7C5290028456D /* SearchArticlesResultsViewController.swift in Sources */ = {isa = PBXBuildFile; fileRef = 33FA9A5020A7C5290028456D /* SearchArticlesResultsViewController.swift */; };
		33FA9A5420A7CB920028456D /* SearchArticlesResultsViewModel.swift in Sources */ = {isa = PBXBuildFile; fileRef = 33FA9A5320A7CB920028456D /* SearchArticlesResultsViewModel.swift */; };
		33FA9A5720A7CC530028456D /* SearchArticlesServiceApi.swift in Sources */ = {isa = PBXBuildFile; fileRef = 33FA9A5520A7CC450028456D /* SearchArticlesServiceApi.swift */; };
		33FA9A5920A7CE380028456D /* SearchArticlesResponse.swift in Sources */ = {isa = PBXBuildFile; fileRef = 33FA9A5820A7CE380028456D /* SearchArticlesResponse.swift */; };
		33FA9A5B20A7CF430028456D /* Article.swift in Sources */ = {isa = PBXBuildFile; fileRef = 33FA9A5A20A7CF430028456D /* Article.swift */; };
/* End PBXBuildFile section */

/* Begin PBXContainerItemProxy section */
		33F6713720A5BE2D000C7BB5 /* PBXContainerItemProxy */ = {
			isa = PBXContainerItemProxy;
			containerPortal = 33F6711A20A5BE2C000C7BB5 /* Project object */;
			proxyType = 1;
			remoteGlobalIDString = 33F6712120A5BE2C000C7BB5;
			remoteInfo = NewYorkTimes;
		};
		33F6714220A5BE2D000C7BB5 /* PBXContainerItemProxy */ = {
			isa = PBXContainerItemProxy;
			containerPortal = 33F6711A20A5BE2C000C7BB5 /* Project object */;
			proxyType = 1;
			remoteGlobalIDString = 33F6712120A5BE2C000C7BB5;
			remoteInfo = NewYorkTimes;
		};
/* End PBXContainerItemProxy section */

/* Begin PBXFileReference section */
		3300CAC520A73F2E00EA70FC /* ArticlesViewModelTest.swift */ = {isa = PBXFileReference; lastKnownFileType = sourcecode.swift; path = ArticlesViewModelTest.swift; sourceTree = "<group>"; };
		33095FE220A67C10009EA401 /* ContentServiceApi.swift */ = {isa = PBXFileReference; lastKnownFileType = sourcecode.swift; path = ContentServiceApi.swift; sourceTree = "<group>"; };
		33095FE420A68556009EA401 /* ContentServiceApiTest.swift */ = {isa = PBXFileReference; lastKnownFileType = sourcecode.swift; path = ContentServiceApiTest.swift; sourceTree = "<group>"; };
		33095FE620A685B1009EA401 /* RequestServiceMock.swift */ = {isa = PBXFileReference; lastKnownFileType = sourcecode.swift; path = RequestServiceMock.swift; sourceTree = "<group>"; };
		33095FEA20A692BB009EA401 /* HomeViewModel.swift */ = {isa = PBXFileReference; lastKnownFileType = sourcecode.swift; path = HomeViewModel.swift; sourceTree = "<group>"; };
		33095FEE20A692E4009EA401 /* HomeViewController.swift */ = {isa = PBXFileReference; lastKnownFileType = sourcecode.swift; path = HomeViewController.swift; sourceTree = "<group>"; };
		33095FF020A6944B009EA401 /* HomeViewModelFactory.swift */ = {isa = PBXFileReference; lastKnownFileType = sourcecode.swift; path = HomeViewModelFactory.swift; sourceTree = "<group>"; };
		33095FF220A69585009EA401 /* Pageable.swift */ = {isa = PBXFileReference; lastKnownFileType = sourcecode.swift; path = Pageable.swift; sourceTree = "<group>"; };
		3315D98920A7556400491E39 /* ArticlesViewControllerTest.swift */ = {isa = PBXFileReference; lastKnownFileType = sourcecode.swift; path = ArticlesViewControllerTest.swift; sourceTree = "<group>"; };
		3315D98B20A757BC00491E39 /* ArticlesViewModelMock.swift */ = {isa = PBXFileReference; lastKnownFileType = sourcecode.swift; path = ArticlesViewModelMock.swift; sourceTree = "<group>"; };
		3321256C20A6F3120014A56F /* Articles.storyboard */ = {isa = PBXFileReference; lastKnownFileType = file.storyboard; path = Articles.storyboard; sourceTree = "<group>"; };
		3321256F20A6F4330014A56F /* ArticlesViewController.swift */ = {isa = PBXFileReference; lastKnownFileType = sourcecode.swift; path = ArticlesViewController.swift; sourceTree = "<group>"; };
		3321257220A6F4700014A56F /* ArticlesViewModel.swift */ = {isa = PBXFileReference; lastKnownFileType = sourcecode.swift; path = ArticlesViewModel.swift; sourceTree = "<group>"; };
		3321257620A6F9FA0014A56F /* ArticleDetailViewController.swift */ = {isa = PBXFileReference; lastKnownFileType = sourcecode.swift; path = ArticleDetailViewController.swift; sourceTree = "<group>"; };
		33457EFE20A5FE7F00F3647A /* MultimediaTest.swift */ = {isa = PBXFileReference; lastKnownFileType = sourcecode.swift; path = MultimediaTest.swift; sourceTree = "<group>"; };
		337675F720A73380008D7129 /* ArticleAggregateTableViewCellViewModelTest.swift */ = {isa = PBXFileReference; lastKnownFileType = sourcecode.swift; path = ArticleAggregateTableViewCellViewModelTest.swift; sourceTree = "<group>"; };
		337675F920A735B4008D7129 /* ArticleTitleTableViewCellViewModelTest.swift */ = {isa = PBXFileReference; lastKnownFileType = sourcecode.swift; path = ArticleTitleTableViewCellViewModelTest.swift; sourceTree = "<group>"; };
		337675FB20A7361A008D7129 /* ArticleSnippetTableViewCellViewModelTest.swift */ = {isa = PBXFileReference; lastKnownFileType = sourcecode.swift; path = ArticleSnippetTableViewCellViewModelTest.swift; sourceTree = "<group>"; };
		337675FD20A736A5008D7129 /* ArticleImageTableViewCellViewModelTest.swift */ = {isa = PBXFileReference; lastKnownFileType = sourcecode.swift; path = ArticleImageTableViewCellViewModelTest.swift; sourceTree = "<group>"; };
		337675FF20A73701008D7129 /* DownloadImageServiceMock.swift */ = {isa = PBXFileReference; lastKnownFileType = sourcecode.swift; path = DownloadImageServiceMock.swift; sourceTree = "<group>"; };
		3376760120A73C78008D7129 /* ArticleDetailViewModelTest.swift */ = {isa = PBXFileReference; lastKnownFileType = sourcecode.swift; path = ArticleDetailViewModelTest.swift; sourceTree = "<group>"; };
		3396CF3E20A7436A00055572 /* ContentCollectionViewCellViewModelTest.swift */ = {isa = PBXFileReference; lastKnownFileType = sourcecode.swift; path = ContentCollectionViewCellViewModelTest.swift; sourceTree = "<group>"; };
		339C351920A74CAB0061B054 /* ContentCollectionViewCellTest.swift */ = {isa = PBXFileReference; lastKnownFileType = sourcecode.swift; path = ContentCollectionViewCellTest.swift; sourceTree = "<group>"; };
		339C351B20A74E220061B054 /* ContentCollectionViewCellViewModelMock.swift */ = {isa = PBXFileReference; lastKnownFileType = sourcecode.swift; path = ContentCollectionViewCellViewModelMock.swift; sourceTree = "<group>"; };
		339C351E20A751300061B054 /* ArticleTitleTableViewCellTest.swift */ = {isa = PBXFileReference; lastKnownFileType = sourcecode.swift; path = ArticleTitleTableViewCellTest.swift; sourceTree = "<group>"; };
		339C352020A751A50061B054 /* ArticleTitleTableViewCellViewModelMock.swift */ = {isa = PBXFileReference; lastKnownFileType = sourcecode.swift; path = ArticleTitleTableViewCellViewModelMock.swift; sourceTree = "<group>"; };
		339C352220A752320061B054 /* ArticleAggregateTableViewCellTest.swift */ = {isa = PBXFileReference; lastKnownFileType = sourcecode.swift; path = ArticleAggregateTableViewCellTest.swift; sourceTree = "<group>"; };
		339C352420A752560061B054 /* ArticleAggregateTableViewCellViewModelMock.swift */ = {isa = PBXFileReference; lastKnownFileType = sourcecode.swift; path = ArticleAggregateTableViewCellViewModelMock.swift; sourceTree = "<group>"; };
		339C352620A7531D0061B054 /* ArticleSnippetTableViewCellTest.swift */ = {isa = PBXFileReference; lastKnownFileType = sourcecode.swift; path = ArticleSnippetTableViewCellTest.swift; sourceTree = "<group>"; };
		339C352820A753560061B054 /* ArticleSnippetTableViewCellViewModelMock.swift */ = {isa = PBXFileReference; lastKnownFileType = sourcecode.swift; path = ArticleSnippetTableViewCellViewModelMock.swift; sourceTree = "<group>"; };
		339C352A20A753BD0061B054 /* ArticleImageTableViewCellTest.swift */ = {isa = PBXFileReference; lastKnownFileType = sourcecode.swift; path = ArticleImageTableViewCellTest.swift; sourceTree = "<group>"; };
		339C352C20A754000061B054 /* ArticleImageTableViewCellViewModelMock.swift */ = {isa = PBXFileReference; lastKnownFileType = sourcecode.swift; path = ArticleImageTableViewCellViewModelMock.swift; sourceTree = "<group>"; };
		33A8703E20A6FB27007BC90A /* UIStoryboard.swift */ = {isa = PBXFileReference; lastKnownFileType = sourcecode.swift; path = UIStoryboard.swift; sourceTree = "<group>"; };
		33A8704420A6FF86007BC90A /* ArticleTitleTableViewCell.swift */ = {isa = PBXFileReference; lastKnownFileType = sourcecode.swift; path = ArticleTitleTableViewCell.swift; sourceTree = "<group>"; };
		33A8704520A6FF86007BC90A /* ArticleTitleTableViewCell.xib */ = {isa = PBXFileReference; lastKnownFileType = file.xib; path = ArticleTitleTableViewCell.xib; sourceTree = "<group>"; };
		33A8704820A70052007BC90A /* ArticleTitleTableViewCellViewModel.swift */ = {isa = PBXFileReference; lastKnownFileType = sourcecode.swift; path = ArticleTitleTableViewCellViewModel.swift; sourceTree = "<group>"; };
		33A8704A20A700AB007BC90A /* ArticleDetailViewModel.swift */ = {isa = PBXFileReference; lastKnownFileType = sourcecode.swift; path = ArticleDetailViewModel.swift; sourceTree = "<group>"; };
		33A8704C20A7035D007BC90A /* UITableView.swift */ = {isa = PBXFileReference; lastKnownFileType = sourcecode.swift; path = UITableView.swift; sourceTree = "<group>"; };
		33A8704E20A70BB6007BC90A /* ArticleSnippetTableViewCell.swift */ = {isa = PBXFileReference; lastKnownFileType = sourcecode.swift; path = ArticleSnippetTableViewCell.swift; sourceTree = "<group>"; };
		33A8704F20A70BB6007BC90A /* ArticleSnippetTableViewCell.xib */ = {isa = PBXFileReference; lastKnownFileType = file.xib; path = ArticleSnippetTableViewCell.xib; sourceTree = "<group>"; };
		33A8705220A70C8B007BC90A /* ArticleSnippetTableViewCellViewModel.swift */ = {isa = PBXFileReference; lastKnownFileType = sourcecode.swift; path = ArticleSnippetTableViewCellViewModel.swift; sourceTree = "<group>"; };
		33A8705420A70DBB007BC90A /* ArticleAggregateTableViewCell.swift */ = {isa = PBXFileReference; lastKnownFileType = sourcecode.swift; path = ArticleAggregateTableViewCell.swift; sourceTree = "<group>"; };
		33A8705520A70DBB007BC90A /* ArticleAggregateTableViewCell.xib */ = {isa = PBXFileReference; lastKnownFileType = file.xib; path = ArticleAggregateTableViewCell.xib; sourceTree = "<group>"; };
		33A8705820A71B34007BC90A /* ArticleAggregateTableViewCellViewModel.swift */ = {isa = PBXFileReference; lastKnownFileType = sourcecode.swift; path = ArticleAggregateTableViewCellViewModel.swift; sourceTree = "<group>"; };
		33A8705A20A71E27007BC90A /* ArticleImageTableViewCell.swift */ = {isa = PBXFileReference; lastKnownFileType = sourcecode.swift; path = ArticleImageTableViewCell.swift; sourceTree = "<group>"; };
		33A8705B20A71E27007BC90A /* ArticleImageTableViewCell.xib */ = {isa = PBXFileReference; lastKnownFileType = file.xib; path = ArticleImageTableViewCell.xib; sourceTree = "<group>"; };
		33A8705E20A71E91007BC90A /* ImageLoadable.swift */ = {isa = PBXFileReference; lastKnownFileType = sourcecode.swift; path = ImageLoadable.swift; sourceTree = "<group>"; };
		33A8706020A71FD3007BC90A /* ArticleImageTableViewCellViewModel.swift */ = {isa = PBXFileReference; lastKnownFileType = sourcecode.swift; path = ArticleImageTableViewCellViewModel.swift; sourceTree = "<group>"; };
		33A8706320A72CEC007BC90A /* DateTest.swift */ = {isa = PBXFileReference; lastKnownFileType = sourcecode.swift; path = DateTest.swift; sourceTree = "<group>"; };
		33A8706520A72E21007BC90A /* APIErrorTest.swift */ = {isa = PBXFileReference; lastKnownFileType = sourcecode.swift; path = APIErrorTest.swift; sourceTree = "<group>"; };
		33B5832520A5EAA300C5196B /* ContentTest.swift */ = {isa = PBXFileReference; lastKnownFileType = sourcecode.swift; path = ContentTest.swift; sourceTree = "<group>"; };
		33B5832720A5F86000C5196B /* Multimedia.swift */ = {isa = PBXFileReference; lastKnownFileType = sourcecode.swift; path = Multimedia.swift; sourceTree = "<group>"; };
		33D57A6C20A6E41800553902 /* HomeViewControllerTest.swift */ = {isa = PBXFileReference; lastKnownFileType = sourcecode.swift; path = HomeViewControllerTest.swift; sourceTree = "<group>"; };
		33EBB37420A69BA0004DCC56 /* HomeViewModelTest.swift */ = {isa = PBXFileReference; lastKnownFileType = sourcecode.swift; path = HomeViewModelTest.swift; sourceTree = "<group>"; };
		33EBB37620A69BF6004DCC56 /* ContentServiceApiMock.swift */ = {isa = PBXFileReference; lastKnownFileType = sourcecode.swift; path = ContentServiceApiMock.swift; sourceTree = "<group>"; };
		33EBB37820A6A22E004DCC56 /* ContentCollectionViewCell.swift */ = {isa = PBXFileReference; lastKnownFileType = sourcecode.swift; path = ContentCollectionViewCell.swift; sourceTree = "<group>"; };
		33EBB37920A6A22E004DCC56 /* ContentCollectionViewCell.xib */ = {isa = PBXFileReference; lastKnownFileType = file.xib; path = ContentCollectionViewCell.xib; sourceTree = "<group>"; };
		33EBB37C20A6A258004DCC56 /* ContentCollectionViewCellViewModel.swift */ = {isa = PBXFileReference; lastKnownFileType = sourcecode.swift; path = ContentCollectionViewCellViewModel.swift; sourceTree = "<group>"; };
		33EBB37F20A6A6DE004DCC56 /* UICollectionView.swift */ = {isa = PBXFileReference; lastKnownFileType = sourcecode.swift; path = UICollectionView.swift; sourceTree = "<group>"; };
		33EBB38120A6ADC6004DCC56 /* ResponseStatus.swift */ = {isa = PBXFileReference; lastKnownFileType = sourcecode.swift; path = ResponseStatus.swift; sourceTree = "<group>"; };
		33EBB38320A6AE82004DCC56 /* ContentResponse.swift */ = {isa = PBXFileReference; lastKnownFileType = sourcecode.swift; path = ContentResponse.swift; sourceTree = "<group>"; };
		33EBB38520A6AF13004DCC56 /* ContentResponseTest.swift */ = {isa = PBXFileReference; lastKnownFileType = sourcecode.swift; path = ContentResponseTest.swift; sourceTree = "<group>"; };
		33EBB38720A6B45B004DCC56 /* Date.swift */ = {isa = PBXFileReference; lastKnownFileType = sourcecode.swift; path = Date.swift; sourceTree = "<group>"; };
		33F4238620A6D0380028CC7B /* DownloadImageService.swift */ = {isa = PBXFileReference; lastKnownFileType = sourcecode.swift; path = DownloadImageService.swift; sourceTree = "<group>"; };
		33F4238820A6DDB20028CC7B /* DownloadImageServiceTest.swift */ = {isa = PBXFileReference; lastKnownFileType = sourcecode.swift; path = DownloadImageServiceTest.swift; sourceTree = "<group>"; };
		33F4238B20A6DFBE0028CC7B /* test1.png */ = {isa = PBXFileReference; lastKnownFileType = image.png; path = test1.png; sourceTree = "<group>"; };
		33F6712220A5BE2C000C7BB5 /* NewYorkTimes.app */ = {isa = PBXFileReference; explicitFileType = wrapper.application; includeInIndex = 0; path = NewYorkTimes.app; sourceTree = BUILT_PRODUCTS_DIR; };
		33F6712520A5BE2C000C7BB5 /* AppDelegate.swift */ = {isa = PBXFileReference; lastKnownFileType = sourcecode.swift; path = AppDelegate.swift; sourceTree = "<group>"; };
		33F6712A20A5BE2C000C7BB5 /* Base */ = {isa = PBXFileReference; lastKnownFileType = file.storyboard; name = Base; path = Base.lproj/Home.storyboard; sourceTree = "<group>"; };
		33F6712C20A5BE2D000C7BB5 /* Assets.xcassets */ = {isa = PBXFileReference; lastKnownFileType = folder.assetcatalog; path = Assets.xcassets; sourceTree = "<group>"; };
		33F6712F20A5BE2D000C7BB5 /* Base */ = {isa = PBXFileReference; lastKnownFileType = file.storyboard; name = Base; path = Base.lproj/LaunchScreen.storyboard; sourceTree = "<group>"; };
		33F6713120A5BE2D000C7BB5 /* Info.plist */ = {isa = PBXFileReference; lastKnownFileType = text.plist.xml; path = Info.plist; sourceTree = "<group>"; };
		33F6713620A5BE2D000C7BB5 /* NewYorkTimesTests.xctest */ = {isa = PBXFileReference; explicitFileType = wrapper.cfbundle; includeInIndex = 0; path = NewYorkTimesTests.xctest; sourceTree = BUILT_PRODUCTS_DIR; };
		33F6713C20A5BE2D000C7BB5 /* Info.plist */ = {isa = PBXFileReference; lastKnownFileType = text.plist.xml; path = Info.plist; sourceTree = "<group>"; };
		33F6714120A5BE2D000C7BB5 /* NewYorkTimesUITests.xctest */ = {isa = PBXFileReference; explicitFileType = wrapper.cfbundle; includeInIndex = 0; path = NewYorkTimesUITests.xctest; sourceTree = BUILT_PRODUCTS_DIR; };
		33F6714720A5BE2D000C7BB5 /* Info.plist */ = {isa = PBXFileReference; lastKnownFileType = text.plist.xml; path = Info.plist; sourceTree = "<group>"; };
		33F6715B20A5C18D000C7BB5 /* Constant.swift */ = {isa = PBXFileReference; lastKnownFileType = sourcecode.swift; path = Constant.swift; sourceTree = "<group>"; };
		33F6715D20A5C1E3000C7BB5 /* RequestService.swift */ = {isa = PBXFileReference; lastKnownFileType = sourcecode.swift; path = RequestService.swift; sourceTree = "<group>"; };
		33F6716420A5C7B8000C7BB5 /* APITest.swift */ = {isa = PBXFileReference; lastKnownFileType = sourcecode.swift; path = APITest.swift; sourceTree = "<group>"; };
		33F6716620A5CA76000C7BB5 /* Content.swift */ = {isa = PBXFileReference; lastKnownFileType = sourcecode.swift; path = Content.swift; sourceTree = "<group>"; };
		33F6716820A5D8F9000C7BB5 /* Mappable.swift */ = {isa = PBXFileReference; lastKnownFileType = sourcecode.swift; path = Mappable.swift; sourceTree = "<group>"; };
		33F6716B20A5D9B2000C7BB5 /* Mapping.swift */ = {isa = PBXFileReference; lastKnownFileType = sourcecode.swift; path = Mapping.swift; sourceTree = "<group>"; };
		33F6716E20A5DA1F000C7BB5 /* Mapper.swift */ = {isa = PBXFileReference; lastKnownFileType = sourcecode.swift; path = Mapper.swift; sourceTree = "<group>"; };
		33F6717120A5DB27000C7BB5 /* MappingTest.swift */ = {isa = PBXFileReference; lastKnownFileType = sourcecode.swift; path = MappingTest.swift; sourceTree = "<group>"; };
		33F6717520A5E223000C7BB5 /* DateFormat.swift */ = {isa = PBXFileReference; lastKnownFileType = sourcecode.swift; path = DateFormat.swift; sourceTree = "<group>"; };
		33F8364520A664E50044F253 /* API.swift */ = {isa = PBXFileReference; lastKnownFileType = sourcecode.swift; path = API.swift; sourceTree = "<group>"; };
		33F8364720A667840044F253 /* APIError.swift */ = {isa = PBXFileReference; lastKnownFileType = sourcecode.swift; path = APIError.swift; sourceTree = "<group>"; };
		33F8364920A66A4C0044F253 /* RequestServiceTest.swift */ = {isa = PBXFileReference; lastKnownFileType = sourcecode.swift; path = RequestServiceTest.swift; sourceTree = "<group>"; };
		33F8364C20A66A910044F253 /* URLSessionMock.swift */ = {isa = PBXFileReference; lastKnownFileType = sourcecode.swift; path = URLSessionMock.swift; sourceTree = "<group>"; };
		33F8364E20A66CF40044F253 /* MappableObjectAMock.swift */ = {isa = PBXFileReference; lastKnownFileType = sourcecode.swift; path = MappableObjectAMock.swift; sourceTree = "<group>"; };
		33F8365020A66D0A0044F253 /* MappableObjectBMock.swift */ = {isa = PBXFileReference; lastKnownFileType = sourcecode.swift; path = MappableObjectBMock.swift; sourceTree = "<group>"; };
		33FA9A4D20A7C4F40028456D /* SearchArticles.storyboard */ = {isa = PBXFileReference; lastKnownFileType = file.storyboard; path = SearchArticles.storyboard; sourceTree = "<group>"; };
		33FA9A5020A7C5290028456D /* SearchArticlesResultsViewController.swift */ = {isa = PBXFileReference; lastKnownFileType = sourcecode.swift; path = SearchArticlesResultsViewController.swift; sourceTree = "<group>"; };
		33FA9A5320A7CB920028456D /* SearchArticlesResultsViewModel.swift */ = {isa = PBXFileReference; lastKnownFileType = sourcecode.swift; path = SearchArticlesResultsViewModel.swift; sourceTree = "<group>"; };
		33FA9A5520A7CC450028456D /* SearchArticlesServiceApi.swift */ = {isa = PBXFileReference; lastKnownFileType = sourcecode.swift; path = SearchArticlesServiceApi.swift; sourceTree = "<group>"; };
		33FA9A5820A7CE380028456D /* SearchArticlesResponse.swift */ = {isa = PBXFileReference; lastKnownFileType = sourcecode.swift; path = SearchArticlesResponse.swift; sourceTree = "<group>"; };
		33FA9A5A20A7CF430028456D /* Article.swift */ = {isa = PBXFileReference; lastKnownFileType = sourcecode.swift; path = Article.swift; sourceTree = "<group>"; };
/* End PBXFileReference section */

/* Begin PBXFrameworksBuildPhase section */
		33F6711F20A5BE2C000C7BB5 /* Frameworks */ = {
			isa = PBXFrameworksBuildPhase;
			buildActionMask = 2147483647;
			files = (
			);
			runOnlyForDeploymentPostprocessing = 0;
		};
		33F6713320A5BE2D000C7BB5 /* Frameworks */ = {
			isa = PBXFrameworksBuildPhase;
			buildActionMask = 2147483647;
			files = (
			);
			runOnlyForDeploymentPostprocessing = 0;
		};
		33F6713E20A5BE2D000C7BB5 /* Frameworks */ = {
			isa = PBXFrameworksBuildPhase;
			buildActionMask = 2147483647;
			files = (
			);
			runOnlyForDeploymentPostprocessing = 0;
		};
/* End PBXFrameworksBuildPhase section */

/* Begin PBXGroup section */
		33095FEC20A692BF009EA401 /* Home */ = {
			isa = PBXGroup;
			children = (
				33095FF020A6944B009EA401 /* HomeViewModelFactory.swift */,
				33095FEA20A692BB009EA401 /* HomeViewModel.swift */,
				33EBB37C20A6A258004DCC56 /* ContentCollectionViewCellViewModel.swift */,
			);
			path = Home;
			sourceTree = "<group>";
		};
		33095FED20A692C8009EA401 /* Home */ = {
			isa = PBXGroup;
			children = (
				33095FEE20A692E4009EA401 /* HomeViewController.swift */,
				33EBB37820A6A22E004DCC56 /* ContentCollectionViewCell.swift */,
				33EBB37920A6A22E004DCC56 /* ContentCollectionViewCell.xib */,
			);
			path = Home;
			sourceTree = "<group>";
		};
		3321256E20A6F4100014A56F /* Articles */ = {
			isa = PBXGroup;
			children = (
				3321256F20A6F4330014A56F /* ArticlesViewController.swift */,
				3321257620A6F9FA0014A56F /* ArticleDetailViewController.swift */,
				33A8704420A6FF86007BC90A /* ArticleTitleTableViewCell.swift */,
				33A8704520A6FF86007BC90A /* ArticleTitleTableViewCell.xib */,
				33A8705420A70DBB007BC90A /* ArticleAggregateTableViewCell.swift */,
				33A8705520A70DBB007BC90A /* ArticleAggregateTableViewCell.xib */,
				33A8704E20A70BB6007BC90A /* ArticleSnippetTableViewCell.swift */,
				33A8704F20A70BB6007BC90A /* ArticleSnippetTableViewCell.xib */,
				33A8705A20A71E27007BC90A /* ArticleImageTableViewCell.swift */,
				33A8705B20A71E27007BC90A /* ArticleImageTableViewCell.xib */,
			);
			path = Articles;
			sourceTree = "<group>";
		};
		3321257120A6F4620014A56F /* Articles */ = {
			isa = PBXGroup;
			children = (
				3321257220A6F4700014A56F /* ArticlesViewModel.swift */,
				33A8704A20A700AB007BC90A /* ArticleDetailViewModel.swift */,
				33A8704820A70052007BC90A /* ArticleTitleTableViewCellViewModel.swift */,
				33A8705220A70C8B007BC90A /* ArticleSnippetTableViewCellViewModel.swift */,
				33A8705820A71B34007BC90A /* ArticleAggregateTableViewCellViewModel.swift */,
				33A8706020A71FD3007BC90A /* ArticleImageTableViewCellViewModel.swift */,
			);
			path = Articles;
			sourceTree = "<group>";
		};
		337675F520A73326008D7129 /* View */ = {
			isa = PBXGroup;
			children = (
				339C351820A74C1C0061B054 /* Home */,
				339C351D20A7510B0061B054 /* Articles */,
			);
			path = View;
			sourceTree = "<group>";
		};
		337675F620A7336F008D7129 /* Articles */ = {
			isa = PBXGroup;
			children = (
				3300CAC520A73F2E00EA70FC /* ArticlesViewModelTest.swift */,
				3376760120A73C78008D7129 /* ArticleDetailViewModelTest.swift */,
				337675F920A735B4008D7129 /* ArticleTitleTableViewCellViewModelTest.swift */,
				337675F720A73380008D7129 /* ArticleAggregateTableViewCellViewModelTest.swift */,
				337675FB20A7361A008D7129 /* ArticleSnippetTableViewCellViewModelTest.swift */,
				337675FD20A736A5008D7129 /* ArticleImageTableViewCellViewModelTest.swift */,
			);
			path = Articles;
			sourceTree = "<group>";
		};
		339C351820A74C1C0061B054 /* Home */ = {
			isa = PBXGroup;
			children = (
				339C351920A74CAB0061B054 /* ContentCollectionViewCellTest.swift */,
			);
			path = Home;
			sourceTree = "<group>";
		};
		339C351D20A7510B0061B054 /* Articles */ = {
			isa = PBXGroup;
			children = (
				3315D98920A7556400491E39 /* ArticlesViewControllerTest.swift */,
				339C351E20A751300061B054 /* ArticleTitleTableViewCellTest.swift */,
				339C352220A752320061B054 /* ArticleAggregateTableViewCellTest.swift */,
				339C352620A7531D0061B054 /* ArticleSnippetTableViewCellTest.swift */,
				339C352A20A753BD0061B054 /* ArticleImageTableViewCellTest.swift */,
			);
			path = Articles;
			sourceTree = "<group>";
		};
		33A8706220A72CDA007BC90A /* Extension */ = {
			isa = PBXGroup;
			children = (
				33A8706320A72CEC007BC90A /* DateTest.swift */,
			);
			path = Extension;
			sourceTree = "<group>";
		};
		33B5832420A5EA7C00C5196B /* Model */ = {
			isa = PBXGroup;
			children = (
				33B5832520A5EAA300C5196B /* ContentTest.swift */,
				33EBB38520A6AF13004DCC56 /* ContentResponseTest.swift */,
				33457EFE20A5FE7F00F3647A /* MultimediaTest.swift */,
			);
			path = Model;
			sourceTree = "<group>";
		};
		33D57A6B20A6E3FC00553902 /* Home */ = {
			isa = PBXGroup;
			children = (
				33D57A6C20A6E41800553902 /* HomeViewControllerTest.swift */,
			);
			path = Home;
			sourceTree = "<group>";
		};
		33EBB37220A69B7F004DCC56 /* ViewModel */ = {
			isa = PBXGroup;
			children = (
				33EBB37320A69B8E004DCC56 /* Home */,
				337675F620A7336F008D7129 /* Articles */,
			);
			path = ViewModel;
			sourceTree = "<group>";
		};
		33EBB37320A69B8E004DCC56 /* Home */ = {
			isa = PBXGroup;
			children = (
				33EBB37420A69BA0004DCC56 /* HomeViewModelTest.swift */,
				3396CF3E20A7436A00055572 /* ContentCollectionViewCellViewModelTest.swift */,
			);
			path = Home;
			sourceTree = "<group>";
		};
		33EBB37E20A6A6CA004DCC56 /* Extension */ = {
			isa = PBXGroup;
			children = (
				33EBB37F20A6A6DE004DCC56 /* UICollectionView.swift */,
				33A8704C20A7035D007BC90A /* UITableView.swift */,
				33EBB38720A6B45B004DCC56 /* Date.swift */,
				33A8703E20A6FB27007BC90A /* UIStoryboard.swift */,
			);
			path = Extension;
			sourceTree = "<group>";
		};
		33F4238A20A6DFB50028CC7B /* Resource */ = {
			isa = PBXGroup;
			children = (
				33F4238B20A6DFBE0028CC7B /* test1.png */,
			);
			path = Resource;
			sourceTree = "<group>";
		};
		33F6711920A5BE2C000C7BB5 = {
			isa = PBXGroup;
			children = (
				33F6712420A5BE2C000C7BB5 /* NewYorkTimes */,
				33F6713920A5BE2D000C7BB5 /* NewYorkTimesTests */,
				33F6714420A5BE2D000C7BB5 /* NewYorkTimesUITests */,
				33F6712320A5BE2C000C7BB5 /* Products */,
			);
			sourceTree = "<group>";
		};
		33F6712320A5BE2C000C7BB5 /* Products */ = {
			isa = PBXGroup;
			children = (
				33F6712220A5BE2C000C7BB5 /* NewYorkTimes.app */,
				33F6713620A5BE2D000C7BB5 /* NewYorkTimesTests.xctest */,
				33F6714120A5BE2D000C7BB5 /* NewYorkTimesUITests.xctest */,
			);
			name = Products;
			sourceTree = "<group>";
		};
		33F6712420A5BE2C000C7BB5 /* NewYorkTimes */ = {
			isa = PBXGroup;
			children = (
				33F6715320A5BFE9000C7BB5 /* Engine */,
				33F6715520A5C026000C7BB5 /* Model */,
				33F6715620A5C031000C7BB5 /* ViewModel */,
				33F6715720A5C038000C7BB5 /* View */,
				33F6715420A5BFFF000C7BB5 /* Storyboard */,
				33F6715820A5C043000C7BB5 /* Resource */,
				33F6712520A5BE2C000C7BB5 /* AppDelegate.swift */,
				33F6713120A5BE2D000C7BB5 /* Info.plist */,
			);
			path = NewYorkTimes;
			sourceTree = "<group>";
		};
		33F6713920A5BE2D000C7BB5 /* NewYorkTimesTests */ = {
			isa = PBXGroup;
			children = (
				33F4238A20A6DFB50028CC7B /* Resource */,
				33F8364B20A66A7B0044F253 /* Mock */,
				33F6715F20A5C746000C7BB5 /* Engine */,
				33B5832420A5EA7C00C5196B /* Model */,
				33EBB37220A69B7F004DCC56 /* ViewModel */,
				337675F520A73326008D7129 /* View */,
				33F6713C20A5BE2D000C7BB5 /* Info.plist */,
			);
			path = NewYorkTimesTests;
			sourceTree = "<group>";
		};
		33F6714420A5BE2D000C7BB5 /* NewYorkTimesUITests */ = {
			isa = PBXGroup;
			children = (
				33D57A6B20A6E3FC00553902 /* Home */,
				33F6714720A5BE2D000C7BB5 /* Info.plist */,
			);
			path = NewYorkTimesUITests;
			sourceTree = "<group>";
		};
		33F6715320A5BFE9000C7BB5 /* Engine */ = {
			isa = PBXGroup;
			children = (
				33EBB37E20A6A6CA004DCC56 /* Extension */,
				33F6716A20A5D9A3000C7BB5 /* Utility */,
				33F6715A20A5C16C000C7BB5 /* Constant */,
				33F6715920A5C0CF000C7BB5 /* Service */,
			);
			path = Engine;
			sourceTree = "<group>";
		};
		33F6715420A5BFFF000C7BB5 /* Storyboard */ = {
			isa = PBXGroup;
			children = (
				33F6712E20A5BE2D000C7BB5 /* LaunchScreen.storyboard */,
				33F6712920A5BE2C000C7BB5 /* Home.storyboard */,
				3321256C20A6F3120014A56F /* Articles.storyboard */,
				33FA9A4D20A7C4F40028456D /* SearchArticles.storyboard */,
			);
			path = Storyboard;
			sourceTree = "<group>";
		};
		33F6715520A5C026000C7BB5 /* Model */ = {
			isa = PBXGroup;
			children = (
				33EBB38120A6ADC6004DCC56 /* ResponseStatus.swift */,
				33EBB38320A6AE82004DCC56 /* ContentResponse.swift */,
				33F6716620A5CA76000C7BB5 /* Content.swift */,
				33B5832720A5F86000C5196B /* Multimedia.swift */,
				33FA9A5A20A7CF430028456D /* Article.swift */,
				33FA9A5820A7CE380028456D /* SearchArticlesResponse.swift */,
			);
			path = Model;
			sourceTree = "<group>";
		};
		33F6715620A5C031000C7BB5 /* ViewModel */ = {
			isa = PBXGroup;
			children = (
				33095FEC20A692BF009EA401 /* Home */,
				3321257120A6F4620014A56F /* Articles */,
				33FA9A5220A7CB7C0028456D /* SearchArticles */,
			);
			path = ViewModel;
			sourceTree = "<group>";
		};
		33F6715720A5C038000C7BB5 /* View */ = {
			isa = PBXGroup;
			children = (
				33095FED20A692C8009EA401 /* Home */,
				3321256E20A6F4100014A56F /* Articles */,
				33FA9A4F20A7C5100028456D /* SearchArticles */,
			);
			path = View;
			sourceTree = "<group>";
		};
		33F6715820A5C043000C7BB5 /* Resource */ = {
			isa = PBXGroup;
			children = (
				33F6712C20A5BE2D000C7BB5 /* Assets.xcassets */,
			);
			path = Resource;
			sourceTree = "<group>";
		};
		33F6715920A5C0CF000C7BB5 /* Service */ = {
			isa = PBXGroup;
			children = (
				33F8364520A664E50044F253 /* API.swift */,
				33F8364720A667840044F253 /* APIError.swift */,
				33F6715D20A5C1E3000C7BB5 /* RequestService.swift */,
				33F4238620A6D0380028CC7B /* DownloadImageService.swift */,
				33095FE220A67C10009EA401 /* ContentServiceApi.swift */,
				33FA9A5520A7CC450028456D /* SearchArticlesServiceApi.swift */,
			);
			path = Service;
			sourceTree = "<group>";
		};
		33F6715A20A5C16C000C7BB5 /* Constant */ = {
			isa = PBXGroup;
			children = (
				33F6715B20A5C18D000C7BB5 /* Constant.swift */,
			);
			path = Constant;
			sourceTree = "<group>";
		};
		33F6715F20A5C746000C7BB5 /* Engine */ = {
			isa = PBXGroup;
			children = (
				33A8706220A72CDA007BC90A /* Extension */,
				33F6717020A5DABC000C7BB5 /* JSONMapping */,
				33F6716020A5C74E000C7BB5 /* Service */,
			);
			path = Engine;
			sourceTree = "<group>";
		};
		33F6716020A5C74E000C7BB5 /* Service */ = {
			isa = PBXGroup;
			children = (
				33F6716420A5C7B8000C7BB5 /* APITest.swift */,
				33F8364920A66A4C0044F253 /* RequestServiceTest.swift */,
				33F4238820A6DDB20028CC7B /* DownloadImageServiceTest.swift */,
				33095FE420A68556009EA401 /* ContentServiceApiTest.swift */,
				33A8706520A72E21007BC90A /* APIErrorTest.swift */,
			);
			path = Service;
			sourceTree = "<group>";
		};
		33F6716A20A5D9A3000C7BB5 /* Utility */ = {
			isa = PBXGroup;
			children = (
				33095FF220A69585009EA401 /* Pageable.swift */,
				33F6717520A5E223000C7BB5 /* DateFormat.swift */,
				33A8705E20A71E91007BC90A /* ImageLoadable.swift */,
				33F6716D20A5D9E3000C7BB5 /* JSONMapping */,
			);
			path = Utility;
			sourceTree = "<group>";
		};
		33F6716D20A5D9E3000C7BB5 /* JSONMapping */ = {
			isa = PBXGroup;
			children = (
				33F6716820A5D8F9000C7BB5 /* Mappable.swift */,
				33F6716B20A5D9B2000C7BB5 /* Mapping.swift */,
				33F6716E20A5DA1F000C7BB5 /* Mapper.swift */,
			);
			path = JSONMapping;
			sourceTree = "<group>";
		};
		33F6717020A5DABC000C7BB5 /* JSONMapping */ = {
			isa = PBXGroup;
			children = (
				33F6717120A5DB27000C7BB5 /* MappingTest.swift */,
			);
			path = JSONMapping;
			sourceTree = "<group>";
		};
		33F8364B20A66A7B0044F253 /* Mock */ = {
			isa = PBXGroup;
			children = (
				33F8364C20A66A910044F253 /* URLSessionMock.swift */,
				33F8364E20A66CF40044F253 /* MappableObjectAMock.swift */,
				33F8365020A66D0A0044F253 /* MappableObjectBMock.swift */,
				33095FE620A685B1009EA401 /* RequestServiceMock.swift */,
				33EBB37620A69BF6004DCC56 /* ContentServiceApiMock.swift */,
				337675FF20A73701008D7129 /* DownloadImageServiceMock.swift */,
				339C351B20A74E220061B054 /* ContentCollectionViewCellViewModelMock.swift */,
				339C352020A751A50061B054 /* ArticleTitleTableViewCellViewModelMock.swift */,
				339C352420A752560061B054 /* ArticleAggregateTableViewCellViewModelMock.swift */,
				339C352820A753560061B054 /* ArticleSnippetTableViewCellViewModelMock.swift */,
				339C352C20A754000061B054 /* ArticleImageTableViewCellViewModelMock.swift */,
				3315D98B20A757BC00491E39 /* ArticlesViewModelMock.swift */,
			);
			path = Mock;
			sourceTree = "<group>";
		};
		33FA9A4F20A7C5100028456D /* SearchArticles */ = {
			isa = PBXGroup;
			children = (
				33FA9A5020A7C5290028456D /* SearchArticlesResultsViewController.swift */,
			);
			path = SearchArticles;
			sourceTree = "<group>";
		};
		33FA9A5220A7CB7C0028456D /* SearchArticles */ = {
			isa = PBXGroup;
			children = (
				33FA9A5320A7CB920028456D /* SearchArticlesResultsViewModel.swift */,
			);
			path = SearchArticles;
			sourceTree = "<group>";
		};
/* End PBXGroup section */

/* Begin PBXNativeTarget section */
		33F6712120A5BE2C000C7BB5 /* NewYorkTimes */ = {
			isa = PBXNativeTarget;
			buildConfigurationList = 33F6714A20A5BE2D000C7BB5 /* Build configuration list for PBXNativeTarget "NewYorkTimes" */;
			buildPhases = (
				33F6711E20A5BE2C000C7BB5 /* Sources */,
				33F6711F20A5BE2C000C7BB5 /* Frameworks */,
				33F6712020A5BE2C000C7BB5 /* Resources */,
			);
			buildRules = (
			);
			dependencies = (
			);
			name = NewYorkTimes;
			productName = NewYorkTimes;
			productReference = 33F6712220A5BE2C000C7BB5 /* NewYorkTimes.app */;
			productType = "com.apple.product-type.application";
		};
		33F6713520A5BE2D000C7BB5 /* NewYorkTimesTests */ = {
			isa = PBXNativeTarget;
			buildConfigurationList = 33F6714D20A5BE2D000C7BB5 /* Build configuration list for PBXNativeTarget "NewYorkTimesTests" */;
			buildPhases = (
				33F6713220A5BE2D000C7BB5 /* Sources */,
				33F6713320A5BE2D000C7BB5 /* Frameworks */,
				33F6713420A5BE2D000C7BB5 /* Resources */,
			);
			buildRules = (
			);
			dependencies = (
				33F6713820A5BE2D000C7BB5 /* PBXTargetDependency */,
			);
			name = NewYorkTimesTests;
			productName = NewYorkTimesTests;
			productReference = 33F6713620A5BE2D000C7BB5 /* NewYorkTimesTests.xctest */;
			productType = "com.apple.product-type.bundle.unit-test";
		};
		33F6714020A5BE2D000C7BB5 /* NewYorkTimesUITests */ = {
			isa = PBXNativeTarget;
			buildConfigurationList = 33F6715020A5BE2D000C7BB5 /* Build configuration list for PBXNativeTarget "NewYorkTimesUITests" */;
			buildPhases = (
				33F6713D20A5BE2D000C7BB5 /* Sources */,
				33F6713E20A5BE2D000C7BB5 /* Frameworks */,
				33F6713F20A5BE2D000C7BB5 /* Resources */,
			);
			buildRules = (
			);
			dependencies = (
				33F6714320A5BE2D000C7BB5 /* PBXTargetDependency */,
			);
			name = NewYorkTimesUITests;
			productName = NewYorkTimesUITests;
			productReference = 33F6714120A5BE2D000C7BB5 /* NewYorkTimesUITests.xctest */;
			productType = "com.apple.product-type.bundle.ui-testing";
		};
/* End PBXNativeTarget section */

/* Begin PBXProject section */
		33F6711A20A5BE2C000C7BB5 /* Project object */ = {
			isa = PBXProject;
			attributes = {
				LastSwiftUpdateCheck = 0930;
				LastUpgradeCheck = 0930;
				ORGANIZATIONNAME = levantAJ;
				TargetAttributes = {
					33F6712120A5BE2C000C7BB5 = {
						CreatedOnToolsVersion = 9.3;
					};
					33F6713520A5BE2D000C7BB5 = {
						CreatedOnToolsVersion = 9.3;
						LastSwiftMigration = 0930;
						TestTargetID = 33F6712120A5BE2C000C7BB5;
					};
					33F6714020A5BE2D000C7BB5 = {
						CreatedOnToolsVersion = 9.3;
						LastSwiftMigration = 0930;
						TestTargetID = 33F6712120A5BE2C000C7BB5;
					};
				};
			};
			buildConfigurationList = 33F6711D20A5BE2C000C7BB5 /* Build configuration list for PBXProject "NewYorkTimes" */;
			compatibilityVersion = "Xcode 9.3";
			developmentRegion = en;
			hasScannedForEncodings = 0;
			knownRegions = (
				en,
				Base,
			);
			mainGroup = 33F6711920A5BE2C000C7BB5;
			productRefGroup = 33F6712320A5BE2C000C7BB5 /* Products */;
			projectDirPath = "";
			projectRoot = "";
			targets = (
				33F6712120A5BE2C000C7BB5 /* NewYorkTimes */,
				33F6713520A5BE2D000C7BB5 /* NewYorkTimesTests */,
				33F6714020A5BE2D000C7BB5 /* NewYorkTimesUITests */,
			);
		};
/* End PBXProject section */

/* Begin PBXResourcesBuildPhase section */
		33F6712020A5BE2C000C7BB5 /* Resources */ = {
			isa = PBXResourcesBuildPhase;
			buildActionMask = 2147483647;
			files = (
				33A8705720A70DBB007BC90A /* ArticleAggregateTableViewCell.xib in Resources */,
				33EBB37B20A6A22E004DCC56 /* ContentCollectionViewCell.xib in Resources */,
				33F6713020A5BE2D000C7BB5 /* LaunchScreen.storyboard in Resources */,
				33FA9A4E20A7C4F40028456D /* SearchArticles.storyboard in Resources */,
				33A8705D20A71E27007BC90A /* ArticleImageTableViewCell.xib in Resources */,
				33F6712D20A5BE2D000C7BB5 /* Assets.xcassets in Resources */,
				33F6712B20A5BE2C000C7BB5 /* Home.storyboard in Resources */,
				3321256D20A6F3120014A56F /* Articles.storyboard in Resources */,
				33A8704720A6FF86007BC90A /* ArticleTitleTableViewCell.xib in Resources */,
				33A8705120A70BB6007BC90A /* ArticleSnippetTableViewCell.xib in Resources */,
			);
			runOnlyForDeploymentPostprocessing = 0;
		};
		33F6713420A5BE2D000C7BB5 /* Resources */ = {
			isa = PBXResourcesBuildPhase;
			buildActionMask = 2147483647;
			files = (
				33F4238C20A6DFBE0028CC7B /* test1.png in Resources */,
			);
			runOnlyForDeploymentPostprocessing = 0;
		};
		33F6713F20A5BE2D000C7BB5 /* Resources */ = {
			isa = PBXResourcesBuildPhase;
			buildActionMask = 2147483647;
			files = (
			);
			runOnlyForDeploymentPostprocessing = 0;
		};
/* End PBXResourcesBuildPhase section */

/* Begin PBXSourcesBuildPhase section */
		33F6711E20A5BE2C000C7BB5 /* Sources */ = {
			isa = PBXSourcesBuildPhase;
			buildActionMask = 2147483647;
			files = (
				33EBB38220A6ADC6004DCC56 /* ResponseStatus.swift in Sources */,
				33FA9A5120A7C5290028456D /* SearchArticlesResultsViewController.swift in Sources */,
				33095FF120A6944B009EA401 /* HomeViewModelFactory.swift in Sources */,
				33EBB37A20A6A22E004DCC56 /* ContentCollectionViewCell.swift in Sources */,
				33A8704620A6FF86007BC90A /* ArticleTitleTableViewCell.swift in Sources */,
				33F6716720A5CA76000C7BB5 /* Content.swift in Sources */,
				33F6716920A5D8F9000C7BB5 /* Mappable.swift in Sources */,
				33F6717620A5E223000C7BB5 /* DateFormat.swift in Sources */,
				33A8704D20A7035D007BC90A /* UITableView.swift in Sources */,
				33F6716F20A5DA1F000C7BB5 /* Mapper.swift in Sources */,
				33A8704B20A700AB007BC90A /* ArticleDetailViewModel.swift in Sources */,
				33A8705F20A71E91007BC90A /* ImageLoadable.swift in Sources */,
				33095FE320A67C10009EA401 /* ContentServiceApi.swift in Sources */,
				33095FEF20A692E4009EA401 /* HomeViewController.swift in Sources */,
				33F8364620A664E50044F253 /* API.swift in Sources */,
				33F6715E20A5C1E3000C7BB5 /* RequestService.swift in Sources */,
				33A8705620A70DBB007BC90A /* ArticleAggregateTableViewCell.swift in Sources */,
				33F6712620A5BE2C000C7BB5 /* AppDelegate.swift in Sources */,
				33095FF320A69585009EA401 /* Pageable.swift in Sources */,
				33095FEB20A692BB009EA401 /* HomeViewModel.swift in Sources */,
				33A8706120A71FD3007BC90A /* ArticleImageTableViewCellViewModel.swift in Sources */,
				33FA9A5920A7CE380028456D /* SearchArticlesResponse.swift in Sources */,
				33B5832820A5F86000C5196B /* Multimedia.swift in Sources */,
				33A8705020A70BB6007BC90A /* ArticleSnippetTableViewCell.swift in Sources */,
				33EBB38820A6B45B004DCC56 /* Date.swift in Sources */,
				33FA9A5720A7CC530028456D /* SearchArticlesServiceApi.swift in Sources */,
				3321257720A6F9FA0014A56F /* ArticleDetailViewController.swift in Sources */,
				3321257320A6F4700014A56F /* ArticlesViewModel.swift in Sources */,
				33A8705920A71B34007BC90A /* ArticleAggregateTableViewCellViewModel.swift in Sources */,
				33F6716C20A5D9B2000C7BB5 /* Mapping.swift in Sources */,
				33F6715C20A5C18D000C7BB5 /* Constant.swift in Sources */,
				33F8364820A667840044F253 /* APIError.swift in Sources */,
				33EBB38420A6AE82004DCC56 /* ContentResponse.swift in Sources */,
				33A8705C20A71E27007BC90A /* ArticleImageTableViewCell.swift in Sources */,
				33EBB37D20A6A258004DCC56 /* ContentCollectionViewCellViewModel.swift in Sources */,
				33FA9A5B20A7CF430028456D /* Article.swift in Sources */,
				3321257020A6F4330014A56F /* ArticlesViewController.swift in Sources */,
				33FA9A5420A7CB920028456D /* SearchArticlesResultsViewModel.swift in Sources */,
				33A8704920A70052007BC90A /* ArticleTitleTableViewCellViewModel.swift in Sources */,
				33A8703F20A6FB27007BC90A /* UIStoryboard.swift in Sources */,
				33A8705320A70C8B007BC90A /* ArticleSnippetTableViewCellViewModel.swift in Sources */,
				33EBB38020A6A6DE004DCC56 /* UICollectionView.swift in Sources */,
				33F4238720A6D0380028CC7B /* DownloadImageService.swift in Sources */,
			);
			runOnlyForDeploymentPostprocessing = 0;
		};
		33F6713220A5BE2D000C7BB5 /* Sources */ = {
			isa = PBXSourcesBuildPhase;
			buildActionMask = 2147483647;
			files = (
				33F8364D20A66A910044F253 /* URLSessionMock.swift in Sources */,
				339C352520A752560061B054 /* ArticleAggregateTableViewCellViewModelMock.swift in Sources */,
				33A8706620A72E21007BC90A /* APIErrorTest.swift in Sources */,
				339C352B20A753BD0061B054 /* ArticleImageTableViewCellTest.swift in Sources */,
				33F8365120A66D0A0044F253 /* MappableObjectBMock.swift in Sources */,
				33EBB38620A6AF13004DCC56 /* ContentResponseTest.swift in Sources */,
				33F8364A20A66A4C0044F253 /* RequestServiceTest.swift in Sources */,
				3315D98C20A757BC00491E39 /* ArticlesViewModelMock.swift in Sources */,
				337675FE20A736A5008D7129 /* ArticleImageTableViewCellViewModelTest.swift in Sources */,
				3300CAC620A73F2E00EA70FC /* ArticlesViewModelTest.swift in Sources */,
				33F6717220A5DB27000C7BB5 /* MappingTest.swift in Sources */,
				339C352920A753560061B054 /* ArticleSnippetTableViewCellViewModelMock.swift in Sources */,
				339C352720A7531D0061B054 /* ArticleSnippetTableViewCellTest.swift in Sources */,
				33EBB37720A69BF6004DCC56 /* ContentServiceApiMock.swift in Sources */,
				33095FE520A68556009EA401 /* ContentServiceApiTest.swift in Sources */,
				339C351F20A751300061B054 /* ArticleTitleTableViewCellTest.swift in Sources */,
				33EBB37520A69BA0004DCC56 /* HomeViewModelTest.swift in Sources */,
				337675F820A73380008D7129 /* ArticleAggregateTableViewCellViewModelTest.swift in Sources */,
				337675FA20A735B4008D7129 /* ArticleTitleTableViewCellViewModelTest.swift in Sources */,
				3396CF3F20A7436A00055572 /* ContentCollectionViewCellViewModelTest.swift in Sources */,
				33F6716520A5C7B8000C7BB5 /* APITest.swift in Sources */,
				339C351C20A74E220061B054 /* ContentCollectionViewCellViewModelMock.swift in Sources */,
				33F4238920A6DDB20028CC7B /* DownloadImageServiceTest.swift in Sources */,
				33457EFF20A5FE7F00F3647A /* MultimediaTest.swift in Sources */,
				33B5832620A5EAA300C5196B /* ContentTest.swift in Sources */,
				339C351A20A74CAB0061B054 /* ContentCollectionViewCellTest.swift in Sources */,
				339C352D20A754000061B054 /* ArticleImageTableViewCellViewModelMock.swift in Sources */,
				3376760220A73C78008D7129 /* ArticleDetailViewModelTest.swift in Sources */,
				337675FC20A7361A008D7129 /* ArticleSnippetTableViewCellViewModelTest.swift in Sources */,
				33A8706420A72CEC007BC90A /* DateTest.swift in Sources */,
				3315D98A20A7556400491E39 /* ArticlesViewControllerTest.swift in Sources */,
				3376760020A73701008D7129 /* DownloadImageServiceMock.swift in Sources */,
				339C352320A752320061B054 /* ArticleAggregateTableViewCellTest.swift in Sources */,
				33F8364F20A66CF40044F253 /* MappableObjectAMock.swift in Sources */,
				339C352120A751A50061B054 /* ArticleTitleTableViewCellViewModelMock.swift in Sources */,
				33095FE720A685B1009EA401 /* RequestServiceMock.swift in Sources */,
			);
			runOnlyForDeploymentPostprocessing = 0;
		};
		33F6713D20A5BE2D000C7BB5 /* Sources */ = {
			isa = PBXSourcesBuildPhase;
			buildActionMask = 2147483647;
			files = (
				33D57A6D20A6E41800553902 /* HomeViewControllerTest.swift in Sources */,
			);
			runOnlyForDeploymentPostprocessing = 0;
		};
/* End PBXSourcesBuildPhase section */

/* Begin PBXTargetDependency section */
		33F6713820A5BE2D000C7BB5 /* PBXTargetDependency */ = {
			isa = PBXTargetDependency;
			target = 33F6712120A5BE2C000C7BB5 /* NewYorkTimes */;
			targetProxy = 33F6713720A5BE2D000C7BB5 /* PBXContainerItemProxy */;
		};
		33F6714320A5BE2D000C7BB5 /* PBXTargetDependency */ = {
			isa = PBXTargetDependency;
			target = 33F6712120A5BE2C000C7BB5 /* NewYorkTimes */;
			targetProxy = 33F6714220A5BE2D000C7BB5 /* PBXContainerItemProxy */;
		};
/* End PBXTargetDependency section */

/* Begin PBXVariantGroup section */
		33F6712920A5BE2C000C7BB5 /* Home.storyboard */ = {
			isa = PBXVariantGroup;
			children = (
				33F6712A20A5BE2C000C7BB5 /* Base */,
			);
			name = Home.storyboard;
			sourceTree = "<group>";
		};
		33F6712E20A5BE2D000C7BB5 /* LaunchScreen.storyboard */ = {
			isa = PBXVariantGroup;
			children = (
				33F6712F20A5BE2D000C7BB5 /* Base */,
			);
			name = LaunchScreen.storyboard;
			sourceTree = "<group>";
		};
/* End PBXVariantGroup section */

/* Begin XCBuildConfiguration section */
		33F6714820A5BE2D000C7BB5 /* Debug */ = {
			isa = XCBuildConfiguration;
			buildSettings = {
				ALWAYS_SEARCH_USER_PATHS = NO;
				CLANG_ANALYZER_NONNULL = YES;
				CLANG_ANALYZER_NUMBER_OBJECT_CONVERSION = YES_AGGRESSIVE;
				CLANG_CXX_LANGUAGE_STANDARD = "gnu++14";
				CLANG_CXX_LIBRARY = "libc++";
				CLANG_ENABLE_MODULES = YES;
				CLANG_ENABLE_OBJC_ARC = YES;
				CLANG_ENABLE_OBJC_WEAK = YES;
				CLANG_WARN_BLOCK_CAPTURE_AUTORELEASING = YES;
				CLANG_WARN_BOOL_CONVERSION = YES;
				CLANG_WARN_COMMA = YES;
				CLANG_WARN_CONSTANT_CONVERSION = YES;
				CLANG_WARN_DEPRECATED_OBJC_IMPLEMENTATIONS = YES;
				CLANG_WARN_DIRECT_OBJC_ISA_USAGE = YES_ERROR;
				CLANG_WARN_DOCUMENTATION_COMMENTS = YES;
				CLANG_WARN_EMPTY_BODY = YES;
				CLANG_WARN_ENUM_CONVERSION = YES;
				CLANG_WARN_INFINITE_RECURSION = YES;
				CLANG_WARN_INT_CONVERSION = YES;
				CLANG_WARN_NON_LITERAL_NULL_CONVERSION = YES;
				CLANG_WARN_OBJC_IMPLICIT_RETAIN_SELF = YES;
				CLANG_WARN_OBJC_LITERAL_CONVERSION = YES;
				CLANG_WARN_OBJC_ROOT_CLASS = YES_ERROR;
				CLANG_WARN_RANGE_LOOP_ANALYSIS = YES;
				CLANG_WARN_STRICT_PROTOTYPES = YES;
				CLANG_WARN_SUSPICIOUS_MOVE = YES;
				CLANG_WARN_UNGUARDED_AVAILABILITY = YES_AGGRESSIVE;
				CLANG_WARN_UNREACHABLE_CODE = YES;
				CLANG_WARN__DUPLICATE_METHOD_MATCH = YES;
				CODE_SIGN_IDENTITY = "iPhone Developer";
				COPY_PHASE_STRIP = NO;
				DEBUG_INFORMATION_FORMAT = dwarf;
				ENABLE_STRICT_OBJC_MSGSEND = YES;
				ENABLE_TESTABILITY = YES;
				GCC_C_LANGUAGE_STANDARD = gnu11;
				GCC_DYNAMIC_NO_PIC = NO;
				GCC_NO_COMMON_BLOCKS = YES;
				GCC_OPTIMIZATION_LEVEL = 0;
				GCC_PREPROCESSOR_DEFINITIONS = (
					"DEBUG=1",
					"$(inherited)",
				);
				GCC_WARN_64_TO_32_BIT_CONVERSION = YES;
				GCC_WARN_ABOUT_RETURN_TYPE = YES_ERROR;
				GCC_WARN_UNDECLARED_SELECTOR = YES;
				GCC_WARN_UNINITIALIZED_AUTOS = YES_AGGRESSIVE;
				GCC_WARN_UNUSED_FUNCTION = YES;
				GCC_WARN_UNUSED_VARIABLE = YES;
				IPHONEOS_DEPLOYMENT_TARGET = 11.3;
				MTL_ENABLE_DEBUG_INFO = YES;
				ONLY_ACTIVE_ARCH = YES;
				SDKROOT = iphoneos;
				SWIFT_ACTIVE_COMPILATION_CONDITIONS = DEBUG;
				SWIFT_OPTIMIZATION_LEVEL = "-Onone";
				SWIFT_VERSION = 3.0;
			};
			name = Debug;
		};
		33F6714920A5BE2D000C7BB5 /* Release */ = {
			isa = XCBuildConfiguration;
			buildSettings = {
				ALWAYS_SEARCH_USER_PATHS = NO;
				CLANG_ANALYZER_NONNULL = YES;
				CLANG_ANALYZER_NUMBER_OBJECT_CONVERSION = YES_AGGRESSIVE;
				CLANG_CXX_LANGUAGE_STANDARD = "gnu++14";
				CLANG_CXX_LIBRARY = "libc++";
				CLANG_ENABLE_MODULES = YES;
				CLANG_ENABLE_OBJC_ARC = YES;
				CLANG_ENABLE_OBJC_WEAK = YES;
				CLANG_WARN_BLOCK_CAPTURE_AUTORELEASING = YES;
				CLANG_WARN_BOOL_CONVERSION = YES;
				CLANG_WARN_COMMA = YES;
				CLANG_WARN_CONSTANT_CONVERSION = YES;
				CLANG_WARN_DEPRECATED_OBJC_IMPLEMENTATIONS = YES;
				CLANG_WARN_DIRECT_OBJC_ISA_USAGE = YES_ERROR;
				CLANG_WARN_DOCUMENTATION_COMMENTS = YES;
				CLANG_WARN_EMPTY_BODY = YES;
				CLANG_WARN_ENUM_CONVERSION = YES;
				CLANG_WARN_INFINITE_RECURSION = YES;
				CLANG_WARN_INT_CONVERSION = YES;
				CLANG_WARN_NON_LITERAL_NULL_CONVERSION = YES;
				CLANG_WARN_OBJC_IMPLICIT_RETAIN_SELF = YES;
				CLANG_WARN_OBJC_LITERAL_CONVERSION = YES;
				CLANG_WARN_OBJC_ROOT_CLASS = YES_ERROR;
				CLANG_WARN_RANGE_LOOP_ANALYSIS = YES;
				CLANG_WARN_STRICT_PROTOTYPES = YES;
				CLANG_WARN_SUSPICIOUS_MOVE = YES;
				CLANG_WARN_UNGUARDED_AVAILABILITY = YES_AGGRESSIVE;
				CLANG_WARN_UNREACHABLE_CODE = YES;
				CLANG_WARN__DUPLICATE_METHOD_MATCH = YES;
				CODE_SIGN_IDENTITY = "iPhone Developer";
				COPY_PHASE_STRIP = NO;
				DEBUG_INFORMATION_FORMAT = "dwarf-with-dsym";
				ENABLE_NS_ASSERTIONS = NO;
				ENABLE_STRICT_OBJC_MSGSEND = YES;
				GCC_C_LANGUAGE_STANDARD = gnu11;
				GCC_NO_COMMON_BLOCKS = YES;
				GCC_WARN_64_TO_32_BIT_CONVERSION = YES;
				GCC_WARN_ABOUT_RETURN_TYPE = YES_ERROR;
				GCC_WARN_UNDECLARED_SELECTOR = YES;
				GCC_WARN_UNINITIALIZED_AUTOS = YES_AGGRESSIVE;
				GCC_WARN_UNUSED_FUNCTION = YES;
				GCC_WARN_UNUSED_VARIABLE = YES;
				IPHONEOS_DEPLOYMENT_TARGET = 11.3;
				MTL_ENABLE_DEBUG_INFO = NO;
				SDKROOT = iphoneos;
				SWIFT_COMPILATION_MODE = wholemodule;
				SWIFT_OPTIMIZATION_LEVEL = "-O";
				SWIFT_VERSION = 3.0;
				VALIDATE_PRODUCT = YES;
			};
			name = Release;
		};
		33F6714B20A5BE2D000C7BB5 /* Debug */ = {
			isa = XCBuildConfiguration;
			buildSettings = {
				ASSETCATALOG_COMPILER_APPICON_NAME = AppIcon;
				CODE_SIGN_STYLE = Automatic;
				INFOPLIST_FILE = NewYorkTimes/Info.plist;
				LD_RUNPATH_SEARCH_PATHS = (
					"$(inherited)",
					"@executable_path/Frameworks",
					"$(FRAMEWORK_SEARCH_PATHS)",
				);
				PRODUCT_BUNDLE_IDENTIFIER = com.levantAJ.NewYorkTimes;
				PRODUCT_NAME = "$(TARGET_NAME)";
				SWIFT_VERSION = 3.0;
				TARGETED_DEVICE_FAMILY = "1,2";
			};
			name = Debug;
		};
		33F6714C20A5BE2D000C7BB5 /* Release */ = {
			isa = XCBuildConfiguration;
			buildSettings = {
				ASSETCATALOG_COMPILER_APPICON_NAME = AppIcon;
				CODE_SIGN_STYLE = Automatic;
				INFOPLIST_FILE = NewYorkTimes/Info.plist;
				LD_RUNPATH_SEARCH_PATHS = (
					"$(inherited)",
					"@executable_path/Frameworks",
					"$(FRAMEWORK_SEARCH_PATHS)",
				);
				PRODUCT_BUNDLE_IDENTIFIER = com.levantAJ.NewYorkTimes;
				PRODUCT_NAME = "$(TARGET_NAME)";
				SWIFT_VERSION = 3.0;
				TARGETED_DEVICE_FAMILY = "1,2";
			};
			name = Release;
		};
		33F6714E20A5BE2D000C7BB5 /* Debug */ = {
			isa = XCBuildConfiguration;
			buildSettings = {
				ALWAYS_EMBED_SWIFT_STANDARD_LIBRARIES = YES;
				BUNDLE_LOADER = "$(TEST_HOST)";
				CLANG_ENABLE_MODULES = YES;
				CODE_SIGN_STYLE = Automatic;
				INFOPLIST_FILE = NewYorkTimesTests/Info.plist;
				LD_RUNPATH_SEARCH_PATHS = (
					"$(inherited)",
					"@executable_path/Frameworks",
					"@loader_path/Frameworks",
					"$(FRAMEWORK_SEARCH_PATHS)",
				);
				OTHER_LDFLAGS = "$(inherited)";
				PRODUCT_BUNDLE_IDENTIFIER = com.levantAJ.NewYorkTimesTests;
				PRODUCT_NAME = "$(TARGET_NAME)";
				SWIFT_OBJC_BRIDGING_HEADER = "";
				SWIFT_OPTIMIZATION_LEVEL = "-Onone";
				SWIFT_VERSION = 3.0;
				TARGETED_DEVICE_FAMILY = "1,2";
				TEST_HOST = "$(BUILT_PRODUCTS_DIR)/NewYorkTimes.app/NewYorkTimes";
			};
			name = Debug;
		};
		33F6714F20A5BE2D000C7BB5 /* Release */ = {
			isa = XCBuildConfiguration;
			buildSettings = {
				ALWAYS_EMBED_SWIFT_STANDARD_LIBRARIES = YES;
				BUNDLE_LOADER = "$(TEST_HOST)";
				CLANG_ENABLE_MODULES = YES;
				CODE_SIGN_STYLE = Automatic;
				INFOPLIST_FILE = NewYorkTimesTests/Info.plist;
				LD_RUNPATH_SEARCH_PATHS = (
					"$(inherited)",
					"@executable_path/Frameworks",
					"@loader_path/Frameworks",
					"$(FRAMEWORK_SEARCH_PATHS)",
				);
				OTHER_LDFLAGS = "$(inherited)";
				PRODUCT_BUNDLE_IDENTIFIER = com.levantAJ.NewYorkTimesTests;
				PRODUCT_NAME = "$(TARGET_NAME)";
				SWIFT_OBJC_BRIDGING_HEADER = "";
				SWIFT_VERSION = 3.0;
				TARGETED_DEVICE_FAMILY = "1,2";
				TEST_HOST = "$(BUILT_PRODUCTS_DIR)/NewYorkTimes.app/NewYorkTimes";
			};
			name = Release;
		};
		33F6715120A5BE2D000C7BB5 /* Debug */ = {
			isa = XCBuildConfiguration;
			buildSettings = {
				ALWAYS_EMBED_SWIFT_STANDARD_LIBRARIES = YES;
				CLANG_ENABLE_MODULES = YES;
				CODE_SIGN_STYLE = Automatic;
				INFOPLIST_FILE = NewYorkTimesUITests/Info.plist;
				LD_RUNPATH_SEARCH_PATHS = (
					"$(inherited)",
					"@executable_path/Frameworks",
					"@loader_path/Frameworks",
				);
				PRODUCT_BUNDLE_IDENTIFIER = com.levantAJ.NewYorkTimesUITests;
				PRODUCT_NAME = "$(TARGET_NAME)";
				SWIFT_OPTIMIZATION_LEVEL = "-Onone";
				SWIFT_VERSION = 3.0;
				TARGETED_DEVICE_FAMILY = "1,2";
				TEST_TARGET_NAME = NewYorkTimes;
			};
			name = Debug;
		};
		33F6715220A5BE2D000C7BB5 /* Release */ = {
			isa = XCBuildConfiguration;
			buildSettings = {
				ALWAYS_EMBED_SWIFT_STANDARD_LIBRARIES = YES;
				CLANG_ENABLE_MODULES = YES;
				CODE_SIGN_STYLE = Automatic;
				INFOPLIST_FILE = NewYorkTimesUITests/Info.plist;
				LD_RUNPATH_SEARCH_PATHS = (
					"$(inherited)",
					"@executable_path/Frameworks",
					"@loader_path/Frameworks",
				);
				PRODUCT_BUNDLE_IDENTIFIER = com.levantAJ.NewYorkTimesUITests;
				PRODUCT_NAME = "$(TARGET_NAME)";
				SWIFT_VERSION = 3.0;
				TARGETED_DEVICE_FAMILY = "1,2";
				TEST_TARGET_NAME = NewYorkTimes;
			};
			name = Release;
		};
/* End XCBuildConfiguration section */

/* Begin XCConfigurationList section */
		33F6711D20A5BE2C000C7BB5 /* Build configuration list for PBXProject "NewYorkTimes" */ = {
			isa = XCConfigurationList;
			buildConfigurations = (
				33F6714820A5BE2D000C7BB5 /* Debug */,
				33F6714920A5BE2D000C7BB5 /* Release */,
			);
			defaultConfigurationIsVisible = 0;
			defaultConfigurationName = Release;
		};
		33F6714A20A5BE2D000C7BB5 /* Build configuration list for PBXNativeTarget "NewYorkTimes" */ = {
			isa = XCConfigurationList;
			buildConfigurations = (
				33F6714B20A5BE2D000C7BB5 /* Debug */,
				33F6714C20A5BE2D000C7BB5 /* Release */,
			);
			defaultConfigurationIsVisible = 0;
			defaultConfigurationName = Release;
		};
		33F6714D20A5BE2D000C7BB5 /* Build configuration list for PBXNativeTarget "NewYorkTimesTests" */ = {
			isa = XCConfigurationList;
			buildConfigurations = (
				33F6714E20A5BE2D000C7BB5 /* Debug */,
				33F6714F20A5BE2D000C7BB5 /* Release */,
			);
			defaultConfigurationIsVisible = 0;
			defaultConfigurationName = Release;
		};
		33F6715020A5BE2D000C7BB5 /* Build configuration list for PBXNativeTarget "NewYorkTimesUITests" */ = {
			isa = XCConfigurationList;
			buildConfigurations = (
				33F6715120A5BE2D000C7BB5 /* Debug */,
				33F6715220A5BE2D000C7BB5 /* Release */,
			);
			defaultConfigurationIsVisible = 0;
			defaultConfigurationName = Release;
		};
/* End XCConfigurationList section */
	};
	rootObject = 33F6711A20A5BE2C000C7BB5 /* Project object */;
}
